
Microsoft Visual Studio Solution File, Format Version 12.00
# Visual Studio 14
VisualStudioVersion = 14.0.24720.0
MinimumVisualStudioVersion = 10.0.40219.1
Project("{FAE04EC0-301F-11D3-BF4B-00C04F79EFBC}") = "Week15B_Projects", "Week15B_Projects\Week15B_Projects.csproj", "{BA4BFEB8-7E73-4DE4-84A8-1A1A16F47E5A}"
EndProject
Project("{FAE04EC0-301F-11D3-BF4B-00C04F79EFBC}") = "Search", "Search\Search.csproj", "{B242DD5D-AE4E-495C-A026-D10C375CFD62}"
EndProject
Project("{FAE04EC0-301F-11D3-BF4B-00C04F79EFBC}") = "Multithreading", "Multithreading\Multithreading.csproj", "{0F8BBBFC-C4B5-4156-A7E6-569FF6432700}"
EndProject
Project("{FAE04EC0-301F-11D3-BF4B-00C04F79EFBC}") = "Serializer", "Serializer\Serializer.csproj", "{C3DB16DD-874E-44AE-B4FE-E16B6894377F}"
EndProject
Global
	GlobalSection(SolutionConfigurationPlatforms) = preSolution
		Debug|Any CPU = Debug|Any CPU
		Release|Any CPU = Release|Any CPU
	EndGlobalSection
	GlobalSection(ProjectConfigurationPlatforms) = postSolution
		{BA4BFEB8-7E73-4DE4-84A8-1A1A16F47E5A}.Debug|Any CPU.ActiveCfg = Debug|Any CPU
		{BA4BFEB8-7E73-4DE4-84A8-1A1A16F47E5A}.Debug|Any CPU.Build.0 = Debug|Any CPU
		{BA4BFEB8-7E73-4DE4-84A8-1A1A16F47E5A}.Release|Any CPU.ActiveCfg = Release|Any CPU
		{BA4BFEB8-7E73-4DE4-84A8-1A1A16F47E5A}.Release|Any CPU.Build.0 = Release|Any CPU
		{B242DD5D-AE4E-495C-A026-D10C375CFD62}.Debug|Any CPU.ActiveCfg = Debug|Any CPU
		{B242DD5D-AE4E-495C-A026-D10C375CFD62}.Debug|Any CPU.Build.0 = Debug|Any CPU
		{B242DD5D-AE4E-495C-A026-D10C375CFD62}.Release|Any CPU.ActiveCfg = Release|Any CPU
		{B242DD5D-AE4E-495C-A026-D10C375CFD62}.Release|Any CPU.Build.0 = Release|Any CPU
		{0F8BBBFC-C4B5-4156-A7E6-569FF6432700}.Debug|Any CPU.ActiveCfg = Debug|Any CPU
		{0F8BBBFC-C4B5-4156-A7E6-569FF6432700}.Debug|Any CPU.Build.0 = Debug|Any CPU
		{0F8BBBFC-C4B5-4156-A7E6-569FF6432700}.Release|Any CPU.ActiveCfg = Release|Any CPU
		{0F8BBBFC-C4B5-4156-A7E6-569FF6432700}.Release|Any CPU.Build.0 = Release|Any CPU
		{C3DB16DD-874E-44AE-B4FE-E16B6894377F}.Debug|Any CPU.ActiveCfg = Debug|Any CPU
		{C3DB16DD-874E-44AE-B4FE-E16B6894377F}.Debug|Any CPU.Build.0 = Debug|Any CPU
		{C3DB16DD-874E-44AE-B4FE-E16B6894377F}.Release|Any CPU.ActiveCfg = Release|Any CPU
		{C3DB16DD-874E-44AE-B4FE-E16B6894377F}.Release|Any CPU.Build.0 = Release|Any CPU
	EndGlobalSection
	GlobalSection(SolutionProperties) = preSolution
		HideSolutionNode = FALSE
	EndGlobalSection
EndGlobal
